
Microsoft Visual Studio Solution File, Format Version 12.00
# Visual Studio Version 17
VisualStudioVersion = 17.4.33103.184
MinimumVisualStudioVersion = 10.0.40219.1
Project("{FAE04EC0-301F-11D3-BF4B-00C04F79EFBC}") = "Exerc. 1", "Exerc. 1\Exerc. 1.csproj", "{3454F1C5-3DF7-4D3B-81CD-8D4700FD00FC}"
EndProject
Global
	GlobalSection(SolutionConfigurationPlatforms) = preSolution
		Debug|Any CPU = Debug|Any CPU
		Release|Any CPU = Release|Any CPU
	EndGlobalSection
	GlobalSection(ProjectConfigurationPlatforms) = postSolution
		{3454F1C5-3DF7-4D3B-81CD-8D4700FD00FC}.Debug|Any CPU.ActiveCfg = Debug|Any CPU
		{3454F1C5-3DF7-4D3B-81CD-8D4700FD00FC}.Debug|Any CPU.Build.0 = Debug|Any CPU
		{3454F1C5-3DF7-4D3B-81CD-8D4700FD00FC}.Release|Any CPU.ActiveCfg = Release|Any CPU
		{3454F1C5-3DF7-4D3B-81CD-8D4700FD00FC}.Release|Any CPU.Build.0 = Release|Any CPU
	EndGlobalSection
	GlobalSection(SolutionProperties) = preSolution
		HideSolutionNode = FALSE
	EndGlobalSection
	GlobalSection(ExtensibilityGlobals) = postSolution
		SolutionGuid = {8FFC6D4B-7108-450C-B6D4-AF2273E1D5E4}
	EndGlobalSection
EndGlobal
