
Microsoft Visual Studio Solution File, Format Version 12.00
# Visual Studio Version 17
VisualStudioVersion = 17.4.33103.184
MinimumVisualStudioVersion = 10.0.40219.1
Project("{FAE04EC0-301F-11D3-BF4B-00C04F79EFBC}") = "Exerc. 3", "Exerc. 3\Exerc. 3.csproj", "{F45E469F-A765-4BE9-B055-5E00D13E6BE1}"
EndProject
Global
	GlobalSection(SolutionConfigurationPlatforms) = preSolution
		Debug|Any CPU = Debug|Any CPU
		Release|Any CPU = Release|Any CPU
	EndGlobalSection
	GlobalSection(ProjectConfigurationPlatforms) = postSolution
		{F45E469F-A765-4BE9-B055-5E00D13E6BE1}.Debug|Any CPU.ActiveCfg = Debug|Any CPU
		{F45E469F-A765-4BE9-B055-5E00D13E6BE1}.Debug|Any CPU.Build.0 = Debug|Any CPU
		{F45E469F-A765-4BE9-B055-5E00D13E6BE1}.Release|Any CPU.ActiveCfg = Release|Any CPU
		{F45E469F-A765-4BE9-B055-5E00D13E6BE1}.Release|Any CPU.Build.0 = Release|Any CPU
	EndGlobalSection
	GlobalSection(SolutionProperties) = preSolution
		HideSolutionNode = FALSE
	EndGlobalSection
	GlobalSection(ExtensibilityGlobals) = postSolution
		SolutionGuid = {27ED206C-EC67-47B0-B11C-549592CF6F99}
	EndGlobalSection
EndGlobal
